<?xml version="1.0" encoding="utf-8"?>
<Project ToolsVersion="4.0" xmlns="http://schemas.microsoft.com/developer/msbuild/2003">
  <ItemGroup>
    <ClCompile Include="Code\main.cpp" />
    <ClCompile Include="Code\tracker.cpp">
      <Filter>Source Files</Filter>
    </ClCompile>
    <ClCompile Include="Code\OpenCVToolkit.cpp">
      <Filter>Resource Files</Filter>
    </ClCompile>
    <ClCompile Include="Code\Graphics.cpp">
      <Filter>Source Files</Filter>
    </ClCompile>
  </ItemGroup>
  <ItemGroup>
    <Image Include="Textures\green.dds">
      <Filter>Assets</Filter>
    </Image>
    <Image Include="Textures\red.dds">
      <Filter>Assets</Filter>
    </Image>
    <Image Include="Textures\seafloor.dds">
      <Filter>Assets</Filter>
    </Image>
    <Image Include="Textures\Tiny_skin.dds">
      <Filter>Assets</Filter>
    </Image>
    <Image Include="Textures\windowslogo.dds">
      <Filter>Assets</Filter>
    </Image>
    <Image Include="Textures\white.dds">
      <Filter>Assets</Filter>
    </Image>
  </ItemGroup>
  <ItemGroup>
    <Filter Include="Assets">
      <UniqueIdentifier>{80a74616-7fed-4b95-9790-d2d91c828280}</UniqueIdentifier>
    </Filter>
    <Filter Include="Resource Files">
      <UniqueIdentifier>{b2b3f2ae-9286-4f66-9660-19124ea2ac1a}</UniqueIdentifier>
    </Filter>
    <Filter Include="Header Files">
      <UniqueIdentifier>{cc3a34e5-a31e-4dde-b2f3-93ce9a571100}</UniqueIdentifier>
    </Filter>
    <Filter Include="Source Files">
      <UniqueIdentifier>{67162a31-a7da-41de-9a2c-014224358006}</UniqueIdentifier>
    </Filter>
  </ItemGroup>
  <ItemGroup>
    <Media Include="Audio\musicmono_adpcm.wav">
      <Filter>Assets</Filter>
    </Media>
  </ItemGroup>
  <ItemGroup>
    <MeshContentTask Include="Meshes\teapot.fbx">
      <Filter>Assets</Filter>
    </MeshContentTask>
  </ItemGroup>
  <ItemGroup>
    <ClInclude Include="Code\resource.h">
      <Filter>Resource Files</Filter>
    </ClInclude>
    <ClInclude Include="Code\OpenCVToolkit.h">
      <Filter>Resource Files</Filter>
    </ClInclude>
    <ClInclude Include="Code\tracker.h">
      <Filter>Header Files</Filter>
    </ClInclude>
    <ClInclude Include="Code\Graphics.h">
      <Filter>Header Files</Filter>
    </ClInclude>
  </ItemGroup>
  <ItemGroup>
    <ResourceCompile Include="Code\Ball_Boxing.rc">
      <Filter>Resource Files</Filter>
    </ResourceCompile>
  </ItemGroup>
</Project>